// !$*UTF8*$!
{
	archiveVersion = 1;
	classes = {
	};
	objectVersion = 48;
	objects = {

/* Begin PBXBuildFile section */
		504AE33B1FE80D65007B9677 /* AppDelegate.swift in Sources */ = {isa = PBXBuildFile; fileRef = 504AE33A1FE80D65007B9677 /* AppDelegate.swift */; };
		504AE3401FE80D65007B9677 /* Main.storyboard in Resources */ = {isa = PBXBuildFile; fileRef = 504AE33E1FE80D65007B9677 /* Main.storyboard */; };
		504AE3431FE80D65007B9677 /* PetSaver.xcdatamodeld in Sources */ = {isa = PBXBuildFile; fileRef = 504AE3411FE80D65007B9677 /* PetSaver.xcdatamodeld */; };
		504AE3451FE80D65007B9677 /* Assets.xcassets in Resources */ = {isa = PBXBuildFile; fileRef = 504AE3441FE80D65007B9677 /* Assets.xcassets */; };
		504AE3481FE80D65007B9677 /* LaunchScreen.storyboard in Resources */ = {isa = PBXBuildFile; fileRef = 504AE3461FE80D65007B9677 /* LaunchScreen.storyboard */; };
		504AE3501FE82FAA007B9677 /* PetsVC.swift in Sources */ = {isa = PBXBuildFile; fileRef = 504AE34F1FE82FAA007B9677 /* PetsVC.swift */; };
/* End PBXBuildFile section */

/* Begin PBXFileReference section */
		504AE3371FE80D65007B9677 /* PetSaver.app */ = {isa = PBXFileReference; explicitFileType = wrapper.application; includeInIndex = 0; path = PetSaver.app; sourceTree = BUILT_PRODUCTS_DIR; };
		504AE33A1FE80D65007B9677 /* AppDelegate.swift */ = {isa = PBXFileReference; lastKnownFileType = sourcecode.swift; path = AppDelegate.swift; sourceTree = "<group>"; };
		504AE33F1FE80D65007B9677 /* Base */ = {isa = PBXFileReference; lastKnownFileType = file.storyboard; name = Base; path = Base.lproj/Main.storyboard; sourceTree = "<group>"; };
		504AE3421FE80D65007B9677 /* PetSaver.xcdatamodel */ = {isa = PBXFileReference; lastKnownFileType = wrapper.xcdatamodel; path = PetSaver.xcdatamodel; sourceTree = "<group>"; };
		504AE3441FE80D65007B9677 /* Assets.xcassets */ = {isa = PBXFileReference; lastKnownFileType = folder.assetcatalog; path = Assets.xcassets; sourceTree = "<group>"; };
		504AE3471FE80D65007B9677 /* Base */ = {isa = PBXFileReference; lastKnownFileType = file.storyboard; name = Base; path = Base.lproj/LaunchScreen.storyboard; sourceTree = "<group>"; };
		504AE3491FE80D65007B9677 /* Info.plist */ = {isa = PBXFileReference; lastKnownFileType = text.plist.xml; path = Info.plist; sourceTree = "<group>"; };
		504AE34F1FE82FAA007B9677 /* PetsVC.swift */ = {isa = PBXFileReference; lastKnownFileType = sourcecode.swift; path = PetsVC.swift; sourceTree = "<group>"; };
/* End PBXFileReference section */

/* Begin PBXFrameworksBuildPhase section */
		504AE3341FE80D65007B9677 /* Frameworks */ = {
			isa = PBXFrameworksBuildPhase;
			buildActionMask = 2147483647;
			files = (
			);
			runOnlyForDeploymentPostprocessing = 0;
		};
/* End PBXFrameworksBuildPhase section */

/* Begin PBXGroup section */
		504AE32E1FE80D65007B9677 = {
			isa = PBXGroup;
			children = (
				504AE3391FE80D65007B9677 /* PetSaver */,
				504AE3381FE80D65007B9677 /* Products */,
			);
			sourceTree = "<group>";
		};
		504AE3381FE80D65007B9677 /* Products */ = {
			isa = PBXGroup;
			children = (
				504AE3371FE80D65007B9677 /* PetSaver.app */,
			);
			name = Products;
			sourceTree = "<group>";
		};
		504AE3391FE80D65007B9677 /* PetSaver */ = {
			isa = PBXGroup;
			children = (
				504AE3551FE82FF9007B9677 /* Storyboards */,
				504AE3541FE82FDB007B9677 /* Resources */,
				504AE3531FE82FD3007B9677 /* Model */,
				504AE3521FE82FCC007B9677 /* View */,
				504AE3511FE82FC4007B9677 /* Controller */,
				504AE3491FE80D65007B9677 /* Info.plist */,
				504AE3411FE80D65007B9677 /* PetSaver.xcdatamodeld */,
			);
			path = PetSaver;
			sourceTree = "<group>";
		};
		504AE3511FE82FC4007B9677 /* Controller */ = {
			isa = PBXGroup;
			children = (
				504AE33A1FE80D65007B9677 /* AppDelegate.swift */,
				504AE34F1FE82FAA007B9677 /* PetsVC.swift */,
			);
			path = Controller;
			sourceTree = "<group>";
		};
		504AE3521FE82FCC007B9677 /* View */ = {
			isa = PBXGroup;
			children = (
			);
			path = View;
			sourceTree = "<group>";
		};
		504AE3531FE82FD3007B9677 /* Model */ = {
			isa = PBXGroup;
			children = (
			);
			path = Model;
			sourceTree = "<group>";
		};
		504AE3541FE82FDB007B9677 /* Resources */ = {
			isa = PBXGroup;
			children = (
				504AE3441FE80D65007B9677 /* Assets.xcassets */,
			);
			path = Resources;
			sourceTree = "<group>";
		};
		504AE3551FE82FF9007B9677 /* Storyboards */ = {
			isa = PBXGroup;
			children = (
				504AE3461FE80D65007B9677 /* LaunchScreen.storyboard */,
				504AE33E1FE80D65007B9677 /* Main.storyboard */,
			);
			path = Storyboards;
			sourceTree = "<group>";
		};
/* End PBXGroup section */

/* Begin PBXNativeTarget section */
		504AE3361FE80D65007B9677 /* PetSaver */ = {
			isa = PBXNativeTarget;
			buildConfigurationList = 504AE34C1FE80D65007B9677 /* Build configuration list for PBXNativeTarget "PetSaver" */;
			buildPhases = (
				504AE3331FE80D65007B9677 /* Sources */,
				504AE3341FE80D65007B9677 /* Frameworks */,
				504AE3351FE80D65007B9677 /* Resources */,
			);
			buildRules = (
			);
			dependencies = (
			);
			name = PetSaver;
			productName = PetSaver;
			productReference = 504AE3371FE80D65007B9677 /* PetSaver.app */;
			productType = "com.apple.product-type.application";
		};
/* End PBXNativeTarget section */

/* Begin PBXProject section */
		504AE32F1FE80D65007B9677 /* Project object */ = {
			isa = PBXProject;
			attributes = {
				LastSwiftUpdateCheck = 0910;
				LastUpgradeCheck = 0910;
				ORGANIZATIONNAME = Everton;
				TargetAttributes = {
					504AE3361FE80D65007B9677 = {
						CreatedOnToolsVersion = 9.1;
						ProvisioningStyle = Automatic;
					};
				};
			};
			buildConfigurationList = 504AE3321FE80D65007B9677 /* Build configuration list for PBXProject "PetSaver" */;
			compatibilityVersion = "Xcode 8.0";
			developmentRegion = en;
			hasScannedForEncodings = 0;
			knownRegions = (
				en,
				Base,
			);
			mainGroup = 504AE32E1FE80D65007B9677;
			productRefGroup = 504AE3381FE80D65007B9677 /* Products */;
			projectDirPath = "";
			projectRoot = "";
			targets = (
				504AE3361FE80D65007B9677 /* PetSaver */,
			);
		};
/* End PBXProject section */

/* Begin PBXResourcesBuildPhase section */
		504AE3351FE80D65007B9677 /* Resources */ = {
			isa = PBXResourcesBuildPhase;
			buildActionMask = 2147483647;
			files = (
				504AE3481FE80D65007B9677 /* LaunchScreen.storyboard in Resources */,
				504AE3451FE80D65007B9677 /* Assets.xcassets in Resources */,
				504AE3401FE80D65007B9677 /* Main.storyboard in Resources */,
			);
			runOnlyForDeploymentPostprocessing = 0;
		};
/* End PBXResourcesBuildPhase section */

/* Begin PBXSourcesBuildPhase section */
		504AE3331FE80D65007B9677 /* Sources */ = {
			isa = PBXSourcesBuildPhase;
			buildActionMask = 2147483647;
			files = (
				504AE3431FE80D65007B9677 /* PetSaver.xcdatamodeld in Sources */,
				504AE33B1FE80D65007B9677 /* AppDelegate.swift in Sources */,
				504AE3501FE82FAA007B9677 /* PetsVC.swift in Sources */,
			);
			runOnlyForDeploymentPostprocessing = 0;
		};
/* End PBXSourcesBuildPhase section */

/* Begin PBXVariantGroup section */
		504AE33E1FE80D65007B9677 /* Main.storyboard */ = {
			isa = PBXVariantGroup;
			children = (
				504AE33F1FE80D65007B9677 /* Base */,
			);
			name = Main.storyboard;
			sourceTree = "<group>";
		};
		504AE3461FE80D65007B9677 /* LaunchScreen.storyboard */ = {
			isa = PBXVariantGroup;
			children = (
				504AE3471FE80D65007B9677 /* Base */,
			);
			name = LaunchScreen.storyboard;
			sourceTree = "<group>";
		};
/* End PBXVariantGroup section */

/* Begin XCBuildConfiguration section */
		504AE34A1FE80D65007B9677 /* Debug */ = {
			isa = XCBuildConfiguration;
			buildSettings = {
				ALWAYS_SEARCH_USER_PATHS = NO;
				CLANG_ANALYZER_NONNULL = YES;
				CLANG_ANALYZER_NUMBER_OBJECT_CONVERSION = YES_AGGRESSIVE;
				CLANG_CXX_LANGUAGE_STANDARD = "gnu++14";
				CLANG_CXX_LIBRARY = "libc++";
				CLANG_ENABLE_MODULES = YES;
				CLANG_ENABLE_OBJC_ARC = YES;
				CLANG_WARN_BLOCK_CAPTURE_AUTORELEASING = YES;
				CLANG_WARN_BOOL_CONVERSION = YES;
				CLANG_WARN_COMMA = YES;
				CLANG_WARN_CONSTANT_CONVERSION = YES;
				CLANG_WARN_DIRECT_OBJC_ISA_USAGE = YES_ERROR;
				CLANG_WARN_DOCUMENTATION_COMMENTS = YES;
				CLANG_WARN_EMPTY_BODY = YES;
				CLANG_WARN_ENUM_CONVERSION = YES;
				CLANG_WARN_INFINITE_RECURSION = YES;
				CLANG_WARN_INT_CONVERSION = YES;
				CLANG_WARN_NON_LITERAL_NULL_CONVERSION = YES;
				CLANG_WARN_OBJC_LITERAL_CONVERSION = YES;
				CLANG_WARN_OBJC_ROOT_CLASS = YES_ERROR;
				CLANG_WARN_RANGE_LOOP_ANALYSIS = YES;
				CLANG_WARN_STRICT_PROTOTYPES = YES;
				CLANG_WARN_SUSPICIOUS_MOVE = YES;
				CLANG_WARN_UNGUARDED_AVAILABILITY = YES_AGGRESSIVE;
				CLANG_WARN_UNREACHABLE_CODE = YES;
				CLANG_WARN__DUPLICATE_METHOD_MATCH = YES;
				CODE_SIGN_IDENTITY = "iPhone Developer";
				COPY_PHASE_STRIP = NO;
				DEBUG_INFORMATION_FORMAT = dwarf;
				ENABLE_STRICT_OBJC_MSGSEND = YES;
				ENABLE_TESTABILITY = YES;
				GCC_C_LANGUAGE_STANDARD = gnu11;
				GCC_DYNAMIC_NO_PIC = NO;
				GCC_NO_COMMON_BLOCKS = YES;
				GCC_OPTIMIZATION_LEVEL = 0;
				GCC_PREPROCESSOR_DEFINITIONS = (
					"DEBUG=1",
					"$(inherited)",
				);
				GCC_WARN_64_TO_32_BIT_CONVERSION = YES;
				GCC_WARN_ABOUT_RETURN_TYPE = YES_ERROR;
				GCC_WARN_UNDECLARED_SELECTOR = YES;
				GCC_WARN_UNINITIALIZED_AUTOS = YES_AGGRESSIVE;
				GCC_WARN_UNUSED_FUNCTION = YES;
				GCC_WARN_UNUSED_VARIABLE = YES;
				IPHONEOS_DEPLOYMENT_TARGET = 11.1;
				MTL_ENABLE_DEBUG_INFO = YES;
				ONLY_ACTIVE_ARCH = YES;
				SDKROOT = iphoneos;
				SWIFT_ACTIVE_COMPILATION_CONDITIONS = DEBUG;
				SWIFT_OPTIMIZATION_LEVEL = "-Onone";
			};
			name = Debug;
		};
		504AE34B1FE80D65007B9677 /* Release */ = {
			isa = XCBuildConfiguration;
			buildSettings = {
				ALWAYS_SEARCH_USER_PATHS = NO;
				CLANG_ANALYZER_NONNULL = YES;
				CLANG_ANALYZER_NUMBER_OBJECT_CONVERSION = YES_AGGRESSIVE;
				CLANG_CXX_LANGUAGE_STANDARD = "gnu++14";
				CLANG_CXX_LIBRARY = "libc++";
				CLANG_ENABLE_MODULES = YES;
				CLANG_ENABLE_OBJC_ARC = YES;
				CLANG_WARN_BLOCK_CAPTURE_AUTORELEASING = YES;
				CLANG_WARN_BOOL_CONVERSION = YES;
				CLANG_WARN_COMMA = YES;
				CLANG_WARN_CONSTANT_CONVERSION = YES;
				CLANG_WARN_DIRECT_OBJC_ISA_USAGE = YES_ERROR;
				CLANG_WARN_DOCUMENTATION_COMMENTS = YES;
				CLANG_WARN_EMPTY_BODY = YES;
				CLANG_WARN_ENUM_CONVERSION = YES;
				CLANG_WARN_INFINITE_RECURSION = YES;
				CLANG_WARN_INT_CONVERSION = YES;
				CLANG_WARN_NON_LITERAL_NULL_CONVERSION = YES;
				CLANG_WARN_OBJC_LITERAL_CONVERSION = YES;
				CLANG_WARN_OBJC_ROOT_CLASS = YES_ERROR;
				CLANG_WARN_RANGE_LOOP_ANALYSIS = YES;
				CLANG_WARN_STRICT_PROTOTYPES = YES;
				CLANG_WARN_SUSPICIOUS_MOVE = YES;
				CLANG_WARN_UNGUARDED_AVAILABILITY = YES_AGGRESSIVE;
				CLANG_WARN_UNREACHABLE_CODE = YES;
				CLANG_WARN__DUPLICATE_METHOD_MATCH = YES;
				CODE_SIGN_IDENTITY = "iPhone Developer";
				COPY_PHASE_STRIP = NO;
				DEBUG_INFORMATION_FORMAT = "dwarf-with-dsym";
				ENABLE_NS_ASSERTIONS = NO;
				ENABLE_STRICT_OBJC_MSGSEND = YES;
				GCC_C_LANGUAGE_STANDARD = gnu11;
				GCC_NO_COMMON_BLOCKS = YES;
				GCC_WARN_64_TO_32_BIT_CONVERSION = YES;
				GCC_WARN_ABOUT_RETURN_TYPE = YES_ERROR;
				GCC_WARN_UNDECLARED_SELECTOR = YES;
				GCC_WARN_UNINITIALIZED_AUTOS = YES_AGGRESSIVE;
				GCC_WARN_UNUSED_FUNCTION = YES;
				GCC_WARN_UNUSED_VARIABLE = YES;
				IPHONEOS_DEPLOYMENT_TARGET = 11.1;
				MTL_ENABLE_DEBUG_INFO = NO;
				SDKROOT = iphoneos;
				SWIFT_OPTIMIZATION_LEVEL = "-Owholemodule";
				VALIDATE_PRODUCT = YES;
			};
			name = Release;
		};
		504AE34D1FE80D65007B9677 /* Debug */ = {
			isa = XCBuildConfiguration;
			buildSettings = {
				ASSETCATALOG_COMPILER_APPICON_NAME = AppIcon;
				CODE_SIGN_STYLE = Automatic;
				DEVELOPMENT_TEAM = TK5Y26D53T;
				INFOPLIST_FILE = PetSaver/Info.plist;
				LD_RUNPATH_SEARCH_PATHS = "$(inherited) @executable_path/Frameworks";
				PRODUCT_BUNDLE_IDENTIFIER = EvertonCarneiro.PetSaver;
				PRODUCT_NAME = "$(TARGET_NAME)";
				SWIFT_VERSION = 4.0;
				TARGETED_DEVICE_FAMILY = "1,2";
			};
			name = Debug;
		};
		504AE34E1FE80D65007B9677 /* Release */ = {
			isa = XCBuildConfiguration;
			buildSettings = {
				ASSETCATALOG_COMPILER_APPICON_NAME = AppIcon;
				CODE_SIGN_STYLE = Automatic;
				DEVELOPMENT_TEAM = TK5Y26D53T;
				INFOPLIST_FILE = PetSaver/Info.plist;
				LD_RUNPATH_SEARCH_PATHS = "$(inherited) @executable_path/Frameworks";
				PRODUCT_BUNDLE_IDENTIFIER = EvertonCarneiro.PetSaver;
				PRODUCT_NAME = "$(TARGET_NAME)";
				SWIFT_VERSION = 4.0;
				TARGETED_DEVICE_FAMILY = "1,2";
			};
			name = Release;
		};
/* End XCBuildConfiguration section */

/* Begin XCConfigurationList section */
		504AE3321FE80D65007B9677 /* Build configuration list for PBXProject "PetSaver" */ = {
			isa = XCConfigurationList;
			buildConfigurations = (
				504AE34A1FE80D65007B9677 /* Debug */,
				504AE34B1FE80D65007B9677 /* Release */,
			);
			defaultConfigurationIsVisible = 0;
			defaultConfigurationName = Release;
		};
		504AE34C1FE80D65007B9677 /* Build configuration list for PBXNativeTarget "PetSaver" */ = {
			isa = XCConfigurationList;
			buildConfigurations = (
				504AE34D1FE80D65007B9677 /* Debug */,
				504AE34E1FE80D65007B9677 /* Release */,
			);
			defaultConfigurationIsVisible = 0;
			defaultConfigurationName = Release;
		};
/* End XCConfigurationList section */

/* Begin XCVersionGroup section */
		504AE3411FE80D65007B9677 /* PetSaver.xcdatamodeld */ = {
			isa = XCVersionGroup;
			children = (
				504AE3421FE80D65007B9677 /* PetSaver.xcdatamodel */,
			);
			currentVersion = 504AE3421FE80D65007B9677 /* PetSaver.xcdatamodel */;
			path = PetSaver.xcdatamodeld;
			sourceTree = "<group>";
			versionGroupType = wrapper.xcdatamodel;
		};
/* End XCVersionGroup section */
	};
	rootObject = 504AE32F1FE80D65007B9677 /* Project object */;
}
